# @generated by Move, please check-in and do not edit manually.

[move]
version = 3
manifest_digest = "6D57BD021337FB30478068260A64B5C4E64CF706268F753106D86D974437C090"
deps_digest = "3C4103934B1E040BB6B23F1D610B4EF9F2F1166A50A104EADCF77467C004C600"
dependencies = [
  { id = "MoveStdlib", name = "MoveStdlib" },
  { id = "One", name = "One" },
]

[[move.package]]
id = "MoveStdlib"
source = { local = "../../onechain/crates/sui-framework/packages/move-stdlib" }

[[move.package]]
id = "One"
source = { local = "../../onechain/crates/sui-framework/packages/one-framework" }

dependencies = [
  { id = "MoveStdlib", name = "MoveStdlib" },
]

[move.toolchain-version]
compiler-version = "1.1.1"
edition = "2024.beta"
flavor = "one"

[env]

[env.testnet]
chain-id = "1bd5c965"
original-published-id = "0x44ee8f5787aff3c7cd1f794eb31c4aedc291bf1d831183bb3eadd8742e656b2a"
latest-published-id = "0x44ee8f5787aff3c7cd1f794eb31c4aedc291bf1d831183bb3eadd8742e656b2a"
published-version = "1"
